
Microsoft Visual Studio Solution File, Format Version 12.00
# Visual Studio 2013
VisualStudioVersion = 12.0.30501.0
MinimumVisualStudioVersion = 10.0.40219.1
Project("{2150E333-8FDC-42A3-9474-1A3956D46DE8}") = "Data", "Data", "{3E1BBFEA-957D-4EE5-ABD8-044A5DEA6442}"
EndProject
Project("{FAE04EC0-301F-11D3-BF4B-00C04F79EFBC}") = "RatioCalculator.Data", "Data\RatioCalculator.Data\RatioCalculator.Data.csproj", "{9FB84DF9-9483-414A-93B6-AE2A09F22E1F}"
EndProject
Project("{FAE04EC0-301F-11D3-BF4B-00C04F79EFBC}") = "RatioCalculator.Data.Common", "Data\RatioCalculator.Data.Common\RatioCalculator.Data.Common.csproj", "{0B9FB523-6008-4C59-9E41-8D2DC543DF53}"
EndProject
Project("{FAE04EC0-301F-11D3-BF4B-00C04F79EFBC}") = "RatioCalculator.Data.Models", "data\RatioCalculator.Data.Models\RatioCalculator.Data.Models.csproj", "{82F230BF-4A88-404D-BF3D-ED18E303C3DC}"
EndProject
Project("{2150E333-8FDC-42A3-9474-1A3956D46DE8}") = "Web", "Web", "{0A3BB421-ED7E-4DFE-8027-6291377487AA}"
EndProject
Project("{FAE04EC0-301F-11D3-BF4B-00C04F79EFBC}") = "RatioCalculator.Web", "Web\RatioCalculator.Web\RatioCalculator.Web.csproj", "{9F9AAF04-92ED-4E69-8DCB-1FF15C719F3A}"
EndProject
Project("{FAE04EC0-301F-11D3-BF4B-00C04F79EFBC}") = "RatioCalculator.Web.Infrastructure", "Web\RatioCalculator.Web.Infrastructure\RatioCalculator.Web.Infrastructure.csproj", "{00843913-62B7-4B0C-92AE-0C39D94B96F3}"
EndProject
Project("{2150E333-8FDC-42A3-9474-1A3956D46DE8}") = "Tests", "Tests", "{74D5B887-8502-4AC6-A656-B25573CE84DF}"
EndProject
Global
	GlobalSection(SolutionConfigurationPlatforms) = preSolution
		Debug|Any CPU = Debug|Any CPU
		Release|Any CPU = Release|Any CPU
	EndGlobalSection
	GlobalSection(ProjectConfigurationPlatforms) = postSolution
		{9FB84DF9-9483-414A-93B6-AE2A09F22E1F}.Debug|Any CPU.ActiveCfg = Debug|Any CPU
		{9FB84DF9-9483-414A-93B6-AE2A09F22E1F}.Debug|Any CPU.Build.0 = Debug|Any CPU
		{9FB84DF9-9483-414A-93B6-AE2A09F22E1F}.Release|Any CPU.ActiveCfg = Release|Any CPU
		{9FB84DF9-9483-414A-93B6-AE2A09F22E1F}.Release|Any CPU.Build.0 = Release|Any CPU
		{0B9FB523-6008-4C59-9E41-8D2DC543DF53}.Debug|Any CPU.ActiveCfg = Debug|Any CPU
		{0B9FB523-6008-4C59-9E41-8D2DC543DF53}.Debug|Any CPU.Build.0 = Debug|Any CPU
		{0B9FB523-6008-4C59-9E41-8D2DC543DF53}.Release|Any CPU.ActiveCfg = Release|Any CPU
		{0B9FB523-6008-4C59-9E41-8D2DC543DF53}.Release|Any CPU.Build.0 = Release|Any CPU
		{82F230BF-4A88-404D-BF3D-ED18E303C3DC}.Debug|Any CPU.ActiveCfg = Debug|Any CPU
		{82F230BF-4A88-404D-BF3D-ED18E303C3DC}.Debug|Any CPU.Build.0 = Debug|Any CPU
		{82F230BF-4A88-404D-BF3D-ED18E303C3DC}.Release|Any CPU.ActiveCfg = Release|Any CPU
		{82F230BF-4A88-404D-BF3D-ED18E303C3DC}.Release|Any CPU.Build.0 = Release|Any CPU
		{9F9AAF04-92ED-4E69-8DCB-1FF15C719F3A}.Debug|Any CPU.ActiveCfg = Debug|Any CPU
		{9F9AAF04-92ED-4E69-8DCB-1FF15C719F3A}.Debug|Any CPU.Build.0 = Debug|Any CPU
		{9F9AAF04-92ED-4E69-8DCB-1FF15C719F3A}.Release|Any CPU.ActiveCfg = Release|Any CPU
		{9F9AAF04-92ED-4E69-8DCB-1FF15C719F3A}.Release|Any CPU.Build.0 = Release|Any CPU
		{00843913-62B7-4B0C-92AE-0C39D94B96F3}.Debug|Any CPU.ActiveCfg = Debug|Any CPU
		{00843913-62B7-4B0C-92AE-0C39D94B96F3}.Debug|Any CPU.Build.0 = Debug|Any CPU
		{00843913-62B7-4B0C-92AE-0C39D94B96F3}.Release|Any CPU.ActiveCfg = Release|Any CPU
		{00843913-62B7-4B0C-92AE-0C39D94B96F3}.Release|Any CPU.Build.0 = Release|Any CPU
	EndGlobalSection
	GlobalSection(SolutionProperties) = preSolution
		HideSolutionNode = FALSE
	EndGlobalSection
	GlobalSection(NestedProjects) = preSolution
		{9FB84DF9-9483-414A-93B6-AE2A09F22E1F} = {3E1BBFEA-957D-4EE5-ABD8-044A5DEA6442}
		{0B9FB523-6008-4C59-9E41-8D2DC543DF53} = {3E1BBFEA-957D-4EE5-ABD8-044A5DEA6442}
		{82F230BF-4A88-404D-BF3D-ED18E303C3DC} = {3E1BBFEA-957D-4EE5-ABD8-044A5DEA6442}
		{9F9AAF04-92ED-4E69-8DCB-1FF15C719F3A} = {0A3BB421-ED7E-4DFE-8027-6291377487AA}
		{00843913-62B7-4B0C-92AE-0C39D94B96F3} = {0A3BB421-ED7E-4DFE-8027-6291377487AA}
	EndGlobalSection
EndGlobal
